<?xml version="1.0" encoding="utf-8"?>
<Project ToolsVersion="4.0" xmlns="http://schemas.microsoft.com/developer/msbuild/2003">
  <ItemGroup>
    <Filter Include="assets">
      <UniqueIdentifier>{dc011152-d579-416b-8a90-e9630445654d}</UniqueIdentifier>
    </Filter>
    <Filter Include="include">
      <UniqueIdentifier>{67cc7d1f-ab2c-44c7-9297-08627b04e208}</UniqueIdentifier>
    </Filter>
    <Filter Include="src">
      <UniqueIdentifier>{b132e6f2-dcb7-4512-b603-a31310c683d2}</UniqueIdentifier>
    </Filter>
  </ItemGroup>
  <ItemGroup>
    <ClCompile Include="src\main.cpp">
      <Filter>src</Filter>
    </ClCompile>
    <ClCompile Include="src\window.cpp">
      <Filter>src</Filter>
    </ClCompile>
    <ClCompile Include="include\worldobject.cpp">
      <Filter>src</Filter>
    </ClCompile>
    <ClCompile Include="src\action.cpp">
      <Filter>src</Filter>
    </ClCompile>
    <ClCompile Include="src\camera.cpp">
      <Filter>src</Filter>
    </ClCompile>
    <ClCompile Include="src\transform.cpp">
      <Filter>src</Filter>
    </ClCompile>
    <ClCompile Include="src\movetowards.cpp">
      <Filter>src</Filter>
    </ClCompile>
    <ClCompile Include="src\rotatetowards.cpp">
      <Filter>src</Filter>
    </ClCompile>
    <ClCompile Include="src\game.cpp">
      <Filter>src</Filter>
    </ClCompile>
  </ItemGroup>
  <ItemGroup>
    <ClInclude Include="include\window.h">
      <Filter>include</Filter>
    </ClInclude>
    <ClInclude Include="include\camera.h">
      <Filter>include</Filter>
    </ClInclude>
    <ClInclude Include="include\model.h">
      <Filter>include</Filter>
    </ClInclude>
    <ClInclude Include="include\shader.h">
      <Filter>include</Filter>
    </ClInclude>
    <ClInclude Include="include\input.h">
      <Filter>include</Filter>
    </ClInclude>
    <ClInclude Include="include\transform.h">
      <Filter>include</Filter>
    </ClInclude>
    <ClInclude Include="include\worldobject.h">
      <Filter>include</Filter>
    </ClInclude>
    <ClInclude Include="include\action.h">
      <Filter>include</Filter>
    </ClInclude>
    <ClInclude Include="include\movetowards.h">
      <Filter>include</Filter>
    </ClInclude>
    <ClInclude Include="include\rotatetowards.h">
      <Filter>include</Filter>
    </ClInclude>
    <ClInclude Include="include\game.h">
      <Filter>include</Filter>
    </ClInclude>
  </ItemGroup>
  <ItemGroup>
    <None Include="assets\diffuse.fs">
      <Filter>assets</Filter>
    </None>
    <None Include="assets\diffuse.vs">
      <Filter>assets</Filter>
    </None>
  </ItemGroup>
</Project>